{
  "name": "@kgarvey92/image-slider",
  "version": "1.0.0",
  "lockfileVersion": 2,
  "requires": true,
  "packages": {
    "": {
      "name": "@kgarvey92/image-slider",
      "version": "1.0.0",
      "license": "ISC",
      "dependencies": {
        "@kgarvey92/drop-down-module": "^1.0.0"
      }
    },
    "node_modules/@kgarvey92/drop-down-module": {
      "version": "1.0.0",
      "resolved": "https://registry.npmjs.org/@kgarvey92/drop-down-module/-/drop-down-module-1.0.0.tgz",
      "integrity": "sha512-ShReEHHVYzOgZ6ahizLChWhOBXzXMYNTf3cZO1LSpSopHeZ2EPYrPuzXsllBjLfKD5ydo9gNklrlHWYKAkFwrA=="
    }
  },
  "dependencies": {
    "@kgarvey92/drop-down-module": {
      "version": "1.0.0",
      "resolved": "https://registry.npmjs.org/@kgarvey92/drop-down-module/-/drop-down-module-1.0.0.tgz",
      "integrity": "sha512-ShReEHHVYzOgZ6ahizLChWhOBXzXMYNTf3cZO1LSpSopHeZ2EPYrPuzXsllBjLfKD5ydo9gNklrlHWYKAkFwrA=="
    }
  }
}
